# This file is automatically @generated by Cargo.
# It is not intended for manual editing.
version = 4

[[package]]
name = "bitflags"
version = "2.6.0"
source = "registry+https://github.com/rust-lang/crates.io-index"
checksum = "b048fb63fd8b5923fc5aa7b340d8e156aec7ec02f0c78fa8a6ddc2613f6f71de"

[[package]]
name = "lazy_static"
version = "1.5.0"
source = "registry+https://github.com/rust-lang/crates.io-index"
checksum = "bbd2bcb4c963f2ddae06a2efc7e9f3591312473c50c6685e1f298068316e66fe"

[[package]]
name = "libc"
version = "0.2.169"
source = "registry+https://github.com/rust-lang/crates.io-index"
checksum = "b5aba8db14291edd000dfcc4d620c7ebfb122c613afb886ca8803fa4e128a20a"

[[package]]
name = "sdl3"
version = "0.11.14"
source = "registry+https://github.com/rust-lang/crates.io-index"
checksum = "3862047756c6f79a6acfc8a83bdd940d114725b78462e5fa7c746a0db46bfc3b"
dependencies = [
 "bitflags",
 "lazy_static",
 "libc",
 "sdl3-sys",
]

[[package]]
name = "sdl3-sys"
version = "0.1.3+SDL3-preview-3.1.6"
source = "registry+https://github.com/rust-lang/crates.io-index"
checksum = "5c47498b18bcdb59a4f59af2923b3c5b4c921482e6e3579a2ab19a0e2c813f56"

[[package]]
name = "test-sdl"
version = "0.1.0"
dependencies = [
 "sdl3",
]
